
Microsoft Visual Studio Solution File, Format Version 12.00
# Visual Studio Version 16
VisualStudioVersion = 16.0.29609.76
MinimumVisualStudioVersion = 10.0.40219.1
Project("{FAE04EC0-301F-11D3-BF4B-00C04F79EFBC}") = "BotlerMain.Android", "BotlerMain.Android\BotlerMain.Android.csproj", "{9D7E2C85-C7BD-45CA-93D6-3B1C4CFDB00F}"
EndProject
Project("{9A19103F-16F7-4668-BE54-9A1E7A4F7556}") = "BotlerMain", "BotlerMain\BotlerMain.csproj", "{DBFEE826-9240-4EBD-81C5-5E5E5C3C7A8E}"
EndProject
Project("{2150E333-8FDC-42A3-9474-1A3956D46DE8}") = "Solution Items", "Solution Items", "{1E099D5C-9B32-486F-B69B-11DADEF09A5F}"
	ProjectSection(SolutionItems) = preProject
		.editorconfig = .editorconfig
	EndProjectSection
EndProject
Global
	GlobalSection(SolutionConfigurationPlatforms) = preSolution
		Debug|Any CPU = Debug|Any CPU
		Release|Any CPU = Release|Any CPU
	EndGlobalSection
	GlobalSection(ProjectConfigurationPlatforms) = postSolution
		{9D7E2C85-C7BD-45CA-93D6-3B1C4CFDB00F}.Debug|Any CPU.ActiveCfg = Debug|Any CPU
		{9D7E2C85-C7BD-45CA-93D6-3B1C4CFDB00F}.Debug|Any CPU.Build.0 = Debug|Any CPU
		{9D7E2C85-C7BD-45CA-93D6-3B1C4CFDB00F}.Debug|Any CPU.Deploy.0 = Debug|Any CPU
		{9D7E2C85-C7BD-45CA-93D6-3B1C4CFDB00F}.Release|Any CPU.ActiveCfg = Release|Any CPU
		{9D7E2C85-C7BD-45CA-93D6-3B1C4CFDB00F}.Release|Any CPU.Build.0 = Release|Any CPU
		{9D7E2C85-C7BD-45CA-93D6-3B1C4CFDB00F}.Release|Any CPU.Deploy.0 = Release|Any CPU
		{DBFEE826-9240-4EBD-81C5-5E5E5C3C7A8E}.Debug|Any CPU.ActiveCfg = Debug|Any CPU
		{DBFEE826-9240-4EBD-81C5-5E5E5C3C7A8E}.Debug|Any CPU.Build.0 = Debug|Any CPU
		{DBFEE826-9240-4EBD-81C5-5E5E5C3C7A8E}.Debug|Any CPU.Deploy.0 = Debug|Any CPU
		{DBFEE826-9240-4EBD-81C5-5E5E5C3C7A8E}.Release|Any CPU.ActiveCfg = Release|Any CPU
		{DBFEE826-9240-4EBD-81C5-5E5E5C3C7A8E}.Release|Any CPU.Build.0 = Release|Any CPU
		{DBFEE826-9240-4EBD-81C5-5E5E5C3C7A8E}.Release|Any CPU.Deploy.0 = Release|Any CPU
	EndGlobalSection
	GlobalSection(SolutionProperties) = preSolution
		HideSolutionNode = FALSE
	EndGlobalSection
	GlobalSection(ExtensibilityGlobals) = postSolution
		SolutionGuid = {37ACBD3E-47A4-473C-8008-F46CC386D50D}
	EndGlobalSection
EndGlobal
